// !$*UTF8*$!
{
	archiveVersion = 1;
	classes = {
	};
	objectVersion = 46;
	objects = {

/* Begin PBXBuildFile section */
		89758CEE1F2F73F000A8557F /* AppDelegate.swift in Sources */ = {isa = PBXBuildFile; fileRef = 89758CED1F2F73F000A8557F /* AppDelegate.swift */; };
		89758CF31F2F73F000A8557F /* Main.storyboard in Resources */ = {isa = PBXBuildFile; fileRef = 89758CF11F2F73F000A8557F /* Main.storyboard */; };
		89758CF51F2F73F000A8557F /* Assets.xcassets in Resources */ = {isa = PBXBuildFile; fileRef = 89758CF41F2F73F000A8557F /* Assets.xcassets */; };
		89758CF81F2F73F000A8557F /* LaunchScreen.storyboard in Resources */ = {isa = PBXBuildFile; fileRef = 89758CF61F2F73F000A8557F /* LaunchScreen.storyboard */; };
		89758D051F2F957000A8557F /* YelpSearchController.swift in Sources */ = {isa = PBXBuildFile; fileRef = 89758D041F2F957000A8557F /* YelpSearchController.swift */; };
		89758D071F2F968000A8557F /* YelpSearchResultsDataSource.swift in Sources */ = {isa = PBXBuildFile; fileRef = 89758D061F2F968000A8557F /* YelpSearchResultsDataSource.swift */; };
		89758D091F2F973200A8557F /* YelpBusiness.swift in Sources */ = {isa = PBXBuildFile; fileRef = 89758D081F2F973200A8557F /* YelpBusiness.swift */; };
		89758D0B1F2F99CE00A8557F /* YelpCategory.swift in Sources */ = {isa = PBXBuildFile; fileRef = 89758D0A1F2F99CE00A8557F /* YelpCategory.swift */; };
		89758D0D1F2F9CE600A8557F /* JSONDecodable.swift in Sources */ = {isa = PBXBuildFile; fileRef = 89758D0C1F2F9CE600A8557F /* JSONDecodable.swift */; };
		89758D0F1F2FA1E200A8557F /* PermissionsController.swift in Sources */ = {isa = PBXBuildFile; fileRef = 89758D0E1F2FA1E200A8557F /* PermissionsController.swift */; };
		89758D111F2FA2A200A8557F /* YelpBusinessDetailController.swift in Sources */ = {isa = PBXBuildFile; fileRef = 89758D101F2FA2A200A8557F /* YelpBusinessDetailController.swift */; };
		89758D131F2FA2FF00A8557F /* YelpBusinessDetailViewModel.swift in Sources */ = {isa = PBXBuildFile; fileRef = 89758D121F2FA2FF00A8557F /* YelpBusinessDetailViewModel.swift */; };
		89758D151F2FA33400A8557F /* YelpReviewsDataSource.swift in Sources */ = {isa = PBXBuildFile; fileRef = 89758D141F2FA33400A8557F /* YelpReviewsDataSource.swift */; };
		89758D171F2FA37300A8557F /* ReviewCell.swift in Sources */ = {isa = PBXBuildFile; fileRef = 89758D161F2FA37300A8557F /* ReviewCell.swift */; };
		89758D191F2FA40D00A8557F /* ReviewCellViewModel.swift in Sources */ = {isa = PBXBuildFile; fileRef = 89758D181F2FA40D00A8557F /* ReviewCellViewModel.swift */; };
		89758D1B1F2FA44D00A8557F /* YelpReview.swift in Sources */ = {isa = PBXBuildFile; fileRef = 89758D1A1F2FA44D00A8557F /* YelpReview.swift */; };
		89758D1D1F2FA48600A8557F /* YelpTransaction.swift in Sources */ = {isa = PBXBuildFile; fileRef = 89758D1C1F2FA48600A8557F /* YelpTransaction.swift */; };
		89758D1F1F2FA4BD00A8557F /* YelpUser.swift in Sources */ = {isa = PBXBuildFile; fileRef = 89758D1E1F2FA4BD00A8557F /* YelpUser.swift */; };
		89758D211F2FA4E800A8557F /* Coordinate.swift in Sources */ = {isa = PBXBuildFile; fileRef = 89758D201F2FA4E800A8557F /* Coordinate.swift */; };
		89758D231F2FA4FE00A8557F /* Address.swift in Sources */ = {isa = PBXBuildFile; fileRef = 89758D221F2FA4FE00A8557F /* Address.swift */; };
		89758D251F2FA51E00A8557F /* BusinessHours.swift in Sources */ = {isa = PBXBuildFile; fileRef = 89758D241F2FA51E00A8557F /* BusinessHours.swift */; };
		89758D271F2FA55100A8557F /* Endpoint.swift in Sources */ = {isa = PBXBuildFile; fileRef = 89758D261F2FA55100A8557F /* Endpoint.swift */; };
		89758D2A1F2FC18500A8557F /* OAuth2.framework in Frameworks */ = {isa = PBXBuildFile; fileRef = 89758D291F2FC18500A8557F /* OAuth2.framework */; };
		89758D2D1F2FEB1F00A8557F /* YelpAccount.swift in Sources */ = {isa = PBXBuildFile; fileRef = 89758D2C1F2FEB1F00A8557F /* YelpAccount.swift */; };
		89758D2F1F2FEF2B00A8557F /* Locksmith.framework in Frameworks */ = {isa = PBXBuildFile; fileRef = 89758D2E1F2FEF2B00A8557F /* Locksmith.framework */; };
		89758D311F2FFA0900A8557F /* LocationManager.swift in Sources */ = {isa = PBXBuildFile; fileRef = 89758D301F2FFA0900A8557F /* LocationManager.swift */; };
/* End PBXBuildFile section */

/* Begin PBXFileReference section */
		89758CEA1F2F73F000A8557F /* RestaurantReviews.app */ = {isa = PBXFileReference; explicitFileType = wrapper.application; includeInIndex = 0; path = RestaurantReviews.app; sourceTree = BUILT_PRODUCTS_DIR; };
		89758CED1F2F73F000A8557F /* AppDelegate.swift */ = {isa = PBXFileReference; lastKnownFileType = sourcecode.swift; path = AppDelegate.swift; sourceTree = "<group>"; };
		89758CF21F2F73F000A8557F /* Base */ = {isa = PBXFileReference; lastKnownFileType = file.storyboard; name = Base; path = Base.lproj/Main.storyboard; sourceTree = "<group>"; };
		89758CF41F2F73F000A8557F /* Assets.xcassets */ = {isa = PBXFileReference; lastKnownFileType = folder.assetcatalog; path = Assets.xcassets; sourceTree = "<group>"; };
		89758CF71F2F73F000A8557F /* Base */ = {isa = PBXFileReference; lastKnownFileType = file.storyboard; name = Base; path = Base.lproj/LaunchScreen.storyboard; sourceTree = "<group>"; };
		89758CF91F2F73F000A8557F /* Info.plist */ = {isa = PBXFileReference; lastKnownFileType = text.plist.xml; path = Info.plist; sourceTree = "<group>"; };
		89758D041F2F957000A8557F /* YelpSearchController.swift */ = {isa = PBXFileReference; fileEncoding = 4; lastKnownFileType = sourcecode.swift; path = YelpSearchController.swift; sourceTree = "<group>"; };
		89758D061F2F968000A8557F /* YelpSearchResultsDataSource.swift */ = {isa = PBXFileReference; fileEncoding = 4; lastKnownFileType = sourcecode.swift; path = YelpSearchResultsDataSource.swift; sourceTree = "<group>"; };
		89758D081F2F973200A8557F /* YelpBusiness.swift */ = {isa = PBXFileReference; fileEncoding = 4; lastKnownFileType = sourcecode.swift; path = YelpBusiness.swift; sourceTree = "<group>"; };
		89758D0A1F2F99CE00A8557F /* YelpCategory.swift */ = {isa = PBXFileReference; fileEncoding = 4; lastKnownFileType = sourcecode.swift; path = YelpCategory.swift; sourceTree = "<group>"; };
		89758D0C1F2F9CE600A8557F /* JSONDecodable.swift */ = {isa = PBXFileReference; fileEncoding = 4; lastKnownFileType = sourcecode.swift; path = JSONDecodable.swift; sourceTree = "<group>"; };
		89758D0E1F2FA1E200A8557F /* PermissionsController.swift */ = {isa = PBXFileReference; fileEncoding = 4; lastKnownFileType = sourcecode.swift; path = PermissionsController.swift; sourceTree = "<group>"; };
		89758D101F2FA2A200A8557F /* YelpBusinessDetailController.swift */ = {isa = PBXFileReference; fileEncoding = 4; lastKnownFileType = sourcecode.swift; path = YelpBusinessDetailController.swift; sourceTree = "<group>"; };
		89758D121F2FA2FF00A8557F /* YelpBusinessDetailViewModel.swift */ = {isa = PBXFileReference; fileEncoding = 4; lastKnownFileType = sourcecode.swift; path = YelpBusinessDetailViewModel.swift; sourceTree = "<group>"; };
		89758D141F2FA33400A8557F /* YelpReviewsDataSource.swift */ = {isa = PBXFileReference; fileEncoding = 4; lastKnownFileType = sourcecode.swift; path = YelpReviewsDataSource.swift; sourceTree = "<group>"; };
		89758D161F2FA37300A8557F /* ReviewCell.swift */ = {isa = PBXFileReference; fileEncoding = 4; lastKnownFileType = sourcecode.swift; path = ReviewCell.swift; sourceTree = "<group>"; };
		89758D181F2FA40D00A8557F /* ReviewCellViewModel.swift */ = {isa = PBXFileReference; fileEncoding = 4; lastKnownFileType = sourcecode.swift; path = ReviewCellViewModel.swift; sourceTree = "<group>"; };
		89758D1A1F2FA44D00A8557F /* YelpReview.swift */ = {isa = PBXFileReference; fileEncoding = 4; lastKnownFileType = sourcecode.swift; path = YelpReview.swift; sourceTree = "<group>"; };
		89758D1C1F2FA48600A8557F /* YelpTransaction.swift */ = {isa = PBXFileReference; fileEncoding = 4; lastKnownFileType = sourcecode.swift; path = YelpTransaction.swift; sourceTree = "<group>"; };
		89758D1E1F2FA4BD00A8557F /* YelpUser.swift */ = {isa = PBXFileReference; fileEncoding = 4; lastKnownFileType = sourcecode.swift; path = YelpUser.swift; sourceTree = "<group>"; };
		89758D201F2FA4E800A8557F /* Coordinate.swift */ = {isa = PBXFileReference; fileEncoding = 4; lastKnownFileType = sourcecode.swift; path = Coordinate.swift; sourceTree = "<group>"; };
		89758D221F2FA4FE00A8557F /* Address.swift */ = {isa = PBXFileReference; fileEncoding = 4; lastKnownFileType = sourcecode.swift; path = Address.swift; sourceTree = "<group>"; };
		89758D241F2FA51E00A8557F /* BusinessHours.swift */ = {isa = PBXFileReference; fileEncoding = 4; lastKnownFileType = sourcecode.swift; path = BusinessHours.swift; sourceTree = "<group>"; };
		89758D261F2FA55100A8557F /* Endpoint.swift */ = {isa = PBXFileReference; fileEncoding = 4; lastKnownFileType = sourcecode.swift; path = Endpoint.swift; sourceTree = "<group>"; };
		89758D291F2FC18500A8557F /* OAuth2.framework */ = {isa = PBXFileReference; lastKnownFileType = wrapper.framework; name = OAuth2.framework; path = Carthage/Build/iOS/OAuth2.framework; sourceTree = "<group>"; };
		89758D2C1F2FEB1F00A8557F /* YelpAccount.swift */ = {isa = PBXFileReference; fileEncoding = 4; lastKnownFileType = sourcecode.swift; path = YelpAccount.swift; sourceTree = "<group>"; };
		89758D2E1F2FEF2B00A8557F /* Locksmith.framework */ = {isa = PBXFileReference; lastKnownFileType = wrapper.framework; name = Locksmith.framework; path = Carthage/Build/iOS/Locksmith.framework; sourceTree = "<group>"; };
		89758D301F2FFA0900A8557F /* LocationManager.swift */ = {isa = PBXFileReference; fileEncoding = 4; lastKnownFileType = sourcecode.swift; path = LocationManager.swift; sourceTree = "<group>"; };
/* End PBXFileReference section */

/* Begin PBXFrameworksBuildPhase section */
		89758CE71F2F73F000A8557F /* Frameworks */ = {
			isa = PBXFrameworksBuildPhase;
			buildActionMask = 2147483647;
			files = (
				89758D2A1F2FC18500A8557F /* OAuth2.framework in Frameworks */,
				89758D2F1F2FEF2B00A8557F /* Locksmith.framework in Frameworks */,
			);
			runOnlyForDeploymentPostprocessing = 0;
		};
/* End PBXFrameworksBuildPhase section */

/* Begin PBXGroup section */
		89758CE11F2F73F000A8557F = {
			isa = PBXGroup;
			children = (
				89758CEC1F2F73F000A8557F /* RestaurantReviews */,
				89758CEB1F2F73F000A8557F /* Products */,
				89758D281F2FC18500A8557F /* Frameworks */,
			);
			sourceTree = "<group>";
		};
		89758CEB1F2F73F000A8557F /* Products */ = {
			isa = PBXGroup;
			children = (
				89758CEA1F2F73F000A8557F /* RestaurantReviews.app */,
			);
			name = Products;
			sourceTree = "<group>";
		};
		89758CEC1F2F73F000A8557F /* RestaurantReviews */ = {
			isa = PBXGroup;
			children = (
				89758CFF1F2F771B00A8557F /* Permissions */,
				89758D001F2F772500A8557F /* Search */,
				89758D011F2F772F00A8557F /* Business Details */,
				89758D021F2F774700A8557F /* Models */,
				89758D031F2F775100A8557F /* Networking */,
				89758CED1F2F73F000A8557F /* AppDelegate.swift */,
				89758CF11F2F73F000A8557F /* Main.storyboard */,
				89758CF41F2F73F000A8557F /* Assets.xcassets */,
				89758CF61F2F73F000A8557F /* LaunchScreen.storyboard */,
				89758CF91F2F73F000A8557F /* Info.plist */,
			);
			path = RestaurantReviews;
			sourceTree = "<group>";
		};
		89758CFF1F2F771B00A8557F /* Permissions */ = {
			isa = PBXGroup;
			children = (
				89758D0E1F2FA1E200A8557F /* PermissionsController.swift */,
				89758D2C1F2FEB1F00A8557F /* YelpAccount.swift */,
				89758D301F2FFA0900A8557F /* LocationManager.swift */,
			);
			name = Permissions;
			sourceTree = "<group>";
		};
		89758D001F2F772500A8557F /* Search */ = {
			isa = PBXGroup;
			children = (
				89758D041F2F957000A8557F /* YelpSearchController.swift */,
				89758D061F2F968000A8557F /* YelpSearchResultsDataSource.swift */,
			);
			name = Search;
			sourceTree = "<group>";
		};
		89758D011F2F772F00A8557F /* Business Details */ = {
			isa = PBXGroup;
			children = (
				89758D101F2FA2A200A8557F /* YelpBusinessDetailController.swift */,
				89758D121F2FA2FF00A8557F /* YelpBusinessDetailViewModel.swift */,
				89758D141F2FA33400A8557F /* YelpReviewsDataSource.swift */,
				89758D161F2FA37300A8557F /* ReviewCell.swift */,
				89758D181F2FA40D00A8557F /* ReviewCellViewModel.swift */,
			);
			name = "Business Details";
			sourceTree = "<group>";
		};
		89758D021F2F774700A8557F /* Models */ = {
			isa = PBXGroup;
			children = (
				89758D081F2F973200A8557F /* YelpBusiness.swift */,
				89758D0A1F2F99CE00A8557F /* YelpCategory.swift */,
				89758D1A1F2FA44D00A8557F /* YelpReview.swift */,
				89758D1C1F2FA48600A8557F /* YelpTransaction.swift */,
				89758D1E1F2FA4BD00A8557F /* YelpUser.swift */,
				89758D201F2FA4E800A8557F /* Coordinate.swift */,
				89758D221F2FA4FE00A8557F /* Address.swift */,
				89758D241F2FA51E00A8557F /* BusinessHours.swift */,
			);
			name = Models;
			sourceTree = "<group>";
		};
		89758D031F2F775100A8557F /* Networking */ = {
			isa = PBXGroup;
			children = (
				89758D0C1F2F9CE600A8557F /* JSONDecodable.swift */,
				89758D261F2FA55100A8557F /* Endpoint.swift */,
			);
			name = Networking;
			sourceTree = "<group>";
		};
		89758D281F2FC18500A8557F /* Frameworks */ = {
			isa = PBXGroup;
			children = (
				89758D2E1F2FEF2B00A8557F /* Locksmith.framework */,
				89758D291F2FC18500A8557F /* OAuth2.framework */,
			);
			name = Frameworks;
			sourceTree = "<group>";
		};
/* End PBXGroup section */

/* Begin PBXNativeTarget section */
		89758CE91F2F73F000A8557F /* RestaurantReviews */ = {
			isa = PBXNativeTarget;
			buildConfigurationList = 89758CFC1F2F73F000A8557F /* Build configuration list for PBXNativeTarget "RestaurantReviews" */;
			buildPhases = (
				89758CE61F2F73F000A8557F /* Sources */,
				89758CE71F2F73F000A8557F /* Frameworks */,
				89758CE81F2F73F000A8557F /* Resources */,
				89758D2B1F2FC19C00A8557F /* ShellScript */,
			);
			buildRules = (
			);
			dependencies = (
			);
			name = RestaurantReviews;
			productName = RestaurantReviews;
			productReference = 89758CEA1F2F73F000A8557F /* RestaurantReviews.app */;
			productType = "com.apple.product-type.application";
		};
/* End PBXNativeTarget section */

/* Begin PBXProject section */
		89758CE21F2F73F000A8557F /* Project object */ = {
			isa = PBXProject;
			attributes = {
				LastSwiftUpdateCheck = 0830;
				LastUpgradeCheck = 0830;
				ORGANIZATIONNAME = "Jeff Ripke";
				TargetAttributes = {
					89758CE91F2F73F000A8557F = {
						CreatedOnToolsVersion = 8.3.3;
						DevelopmentTeam = 997RL2KYD9;
						ProvisioningStyle = Automatic;
					};
				};
			};
			buildConfigurationList = 89758CE51F2F73F000A8557F /* Build configuration list for PBXProject "RestaurantReviews" */;
			compatibilityVersion = "Xcode 3.2";
			developmentRegion = English;
			hasScannedForEncodings = 0;
			knownRegions = (
				en,
				Base,
			);
			mainGroup = 89758CE11F2F73F000A8557F;
			productRefGroup = 89758CEB1F2F73F000A8557F /* Products */;
			projectDirPath = "";
			projectRoot = "";
			targets = (
				89758CE91F2F73F000A8557F /* RestaurantReviews */,
			);
		};
/* End PBXProject section */

/* Begin PBXResourcesBuildPhase section */
		89758CE81F2F73F000A8557F /* Resources */ = {
			isa = PBXResourcesBuildPhase;
			buildActionMask = 2147483647;
			files = (
				89758CF81F2F73F000A8557F /* LaunchScreen.storyboard in Resources */,
				89758CF51F2F73F000A8557F /* Assets.xcassets in Resources */,
				89758CF31F2F73F000A8557F /* Main.storyboard in Resources */,
			);
			runOnlyForDeploymentPostprocessing = 0;
		};
/* End PBXResourcesBuildPhase section */

/* Begin PBXShellScriptBuildPhase section */
		89758D2B1F2FC19C00A8557F /* ShellScript */ = {
			isa = PBXShellScriptBuildPhase;
			buildActionMask = 2147483647;
			files = (
			);
			inputPaths = (
				"$(SRCROOT)/Carthage/Build/iOS/OAuth2.framework",
				"$(SRCROOT)/Carthage/Build/iOS/Locksmith.framework",
			);
			outputPaths = (
			);
			runOnlyForDeploymentPostprocessing = 0;
			shellPath = /bin/sh;
			shellScript = "/usr/local/bin/carthage copy-frameworks";
		};
/* End PBXShellScriptBuildPhase section */

/* Begin PBXSourcesBuildPhase section */
		89758CE61F2F73F000A8557F /* Sources */ = {
			isa = PBXSourcesBuildPhase;
			buildActionMask = 2147483647;
			files = (
				89758D051F2F957000A8557F /* YelpSearchController.swift in Sources */,
				89758D251F2FA51E00A8557F /* BusinessHours.swift in Sources */,
				89758D071F2F968000A8557F /* YelpSearchResultsDataSource.swift in Sources */,
				89758D191F2FA40D00A8557F /* ReviewCellViewModel.swift in Sources */,
				89758D211F2FA4E800A8557F /* Coordinate.swift in Sources */,
				89758D151F2FA33400A8557F /* YelpReviewsDataSource.swift in Sources */,
				89758D111F2FA2A200A8557F /* YelpBusinessDetailController.swift in Sources */,
				89758D2D1F2FEB1F00A8557F /* YelpAccount.swift in Sources */,
				89758D1B1F2FA44D00A8557F /* YelpReview.swift in Sources */,
				89758D131F2FA2FF00A8557F /* YelpBusinessDetailViewModel.swift in Sources */,
				89758D0F1F2FA1E200A8557F /* PermissionsController.swift in Sources */,
				89758CEE1F2F73F000A8557F /* AppDelegate.swift in Sources */,
				89758D1F1F2FA4BD00A8557F /* YelpUser.swift in Sources */,
				89758D271F2FA55100A8557F /* Endpoint.swift in Sources */,
				89758D0D1F2F9CE600A8557F /* JSONDecodable.swift in Sources */,
				89758D231F2FA4FE00A8557F /* Address.swift in Sources */,
				89758D091F2F973200A8557F /* YelpBusiness.swift in Sources */,
				89758D311F2FFA0900A8557F /* LocationManager.swift in Sources */,
				89758D0B1F2F99CE00A8557F /* YelpCategory.swift in Sources */,
				89758D1D1F2FA48600A8557F /* YelpTransaction.swift in Sources */,
				89758D171F2FA37300A8557F /* ReviewCell.swift in Sources */,
			);
			runOnlyForDeploymentPostprocessing = 0;
		};
/* End PBXSourcesBuildPhase section */

/* Begin PBXVariantGroup section */
		89758CF11F2F73F000A8557F /* Main.storyboard */ = {
			isa = PBXVariantGroup;
			children = (
				89758CF21F2F73F000A8557F /* Base */,
			);
			name = Main.storyboard;
			sourceTree = "<group>";
		};
		89758CF61F2F73F000A8557F /* LaunchScreen.storyboard */ = {
			isa = PBXVariantGroup;
			children = (
				89758CF71F2F73F000A8557F /* Base */,
			);
			name = LaunchScreen.storyboard;
			sourceTree = "<group>";
		};
/* End PBXVariantGroup section */

/* Begin XCBuildConfiguration section */
		89758CFA1F2F73F000A8557F /* Debug */ = {
			isa = XCBuildConfiguration;
			buildSettings = {
				ALWAYS_SEARCH_USER_PATHS = NO;
				CLANG_ANALYZER_NONNULL = YES;
				CLANG_ANALYZER_NUMBER_OBJECT_CONVERSION = YES_AGGRESSIVE;
				CLANG_CXX_LANGUAGE_STANDARD = "gnu++0x";
				CLANG_CXX_LIBRARY = "libc++";
				CLANG_ENABLE_MODULES = YES;
				CLANG_ENABLE_OBJC_ARC = YES;
				CLANG_WARN_BOOL_CONVERSION = YES;
				CLANG_WARN_CONSTANT_CONVERSION = YES;
				CLANG_WARN_DIRECT_OBJC_ISA_USAGE = YES_ERROR;
				CLANG_WARN_DOCUMENTATION_COMMENTS = YES;
				CLANG_WARN_EMPTY_BODY = YES;
				CLANG_WARN_ENUM_CONVERSION = YES;
				CLANG_WARN_INFINITE_RECURSION = YES;
				CLANG_WARN_INT_CONVERSION = YES;
				CLANG_WARN_OBJC_ROOT_CLASS = YES_ERROR;
				CLANG_WARN_SUSPICIOUS_MOVE = YES;
				CLANG_WARN_UNREACHABLE_CODE = YES;
				CLANG_WARN__DUPLICATE_METHOD_MATCH = YES;
				"CODE_SIGN_IDENTITY[sdk=iphoneos*]" = "iPhone Developer";
				COPY_PHASE_STRIP = NO;
				DEBUG_INFORMATION_FORMAT = dwarf;
				ENABLE_STRICT_OBJC_MSGSEND = YES;
				ENABLE_TESTABILITY = YES;
				GCC_C_LANGUAGE_STANDARD = gnu99;
				GCC_DYNAMIC_NO_PIC = NO;
				GCC_NO_COMMON_BLOCKS = YES;
				GCC_OPTIMIZATION_LEVEL = 0;
				GCC_PREPROCESSOR_DEFINITIONS = (
					"DEBUG=1",
					"$(inherited)",
				);
				GCC_WARN_64_TO_32_BIT_CONVERSION = YES;
				GCC_WARN_ABOUT_RETURN_TYPE = YES_ERROR;
				GCC_WARN_UNDECLARED_SELECTOR = YES;
				GCC_WARN_UNINITIALIZED_AUTOS = YES_AGGRESSIVE;
				GCC_WARN_UNUSED_FUNCTION = YES;
				GCC_WARN_UNUSED_VARIABLE = YES;
				IPHONEOS_DEPLOYMENT_TARGET = 10.3;
				MTL_ENABLE_DEBUG_INFO = YES;
				ONLY_ACTIVE_ARCH = YES;
				SDKROOT = iphoneos;
				SWIFT_ACTIVE_COMPILATION_CONDITIONS = DEBUG;
				SWIFT_OPTIMIZATION_LEVEL = "-Onone";
				TARGETED_DEVICE_FAMILY = "1,2";
			};
			name = Debug;
		};
		89758CFB1F2F73F000A8557F /* Release */ = {
			isa = XCBuildConfiguration;
			buildSettings = {
				ALWAYS_SEARCH_USER_PATHS = NO;
				CLANG_ANALYZER_NONNULL = YES;
				CLANG_ANALYZER_NUMBER_OBJECT_CONVERSION = YES_AGGRESSIVE;
				CLANG_CXX_LANGUAGE_STANDARD = "gnu++0x";
				CLANG_CXX_LIBRARY = "libc++";
				CLANG_ENABLE_MODULES = YES;
				CLANG_ENABLE_OBJC_ARC = YES;
				CLANG_WARN_BOOL_CONVERSION = YES;
				CLANG_WARN_CONSTANT_CONVERSION = YES;
				CLANG_WARN_DIRECT_OBJC_ISA_USAGE = YES_ERROR;
				CLANG_WARN_DOCUMENTATION_COMMENTS = YES;
				CLANG_WARN_EMPTY_BODY = YES;
				CLANG_WARN_ENUM_CONVERSION = YES;
				CLANG_WARN_INFINITE_RECURSION = YES;
				CLANG_WARN_INT_CONVERSION = YES;
				CLANG_WARN_OBJC_ROOT_CLASS = YES_ERROR;
				CLANG_WARN_SUSPICIOUS_MOVE = YES;
				CLANG_WARN_UNREACHABLE_CODE = YES;
				CLANG_WARN__DUPLICATE_METHOD_MATCH = YES;
				"CODE_SIGN_IDENTITY[sdk=iphoneos*]" = "iPhone Developer";
				COPY_PHASE_STRIP = NO;
				DEBUG_INFORMATION_FORMAT = "dwarf-with-dsym";
				ENABLE_NS_ASSERTIONS = NO;
				ENABLE_STRICT_OBJC_MSGSEND = YES;
				GCC_C_LANGUAGE_STANDARD = gnu99;
				GCC_NO_COMMON_BLOCKS = YES;
				GCC_WARN_64_TO_32_BIT_CONVERSION = YES;
				GCC_WARN_ABOUT_RETURN_TYPE = YES_ERROR;
				GCC_WARN_UNDECLARED_SELECTOR = YES;
				GCC_WARN_UNINITIALIZED_AUTOS = YES_AGGRESSIVE;
				GCC_WARN_UNUSED_FUNCTION = YES;
				GCC_WARN_UNUSED_VARIABLE = YES;
				IPHONEOS_DEPLOYMENT_TARGET = 10.3;
				MTL_ENABLE_DEBUG_INFO = NO;
				SDKROOT = iphoneos;
				SWIFT_OPTIMIZATION_LEVEL = "-Owholemodule";
				TARGETED_DEVICE_FAMILY = "1,2";
				VALIDATE_PRODUCT = YES;
			};
			name = Release;
		};
		89758CFD1F2F73F000A8557F /* Debug */ = {
			isa = XCBuildConfiguration;
			buildSettings = {
				ASSETCATALOG_COMPILER_APPICON_NAME = AppIcon;
				DEVELOPMENT_TEAM = 997RL2KYD9;
				FRAMEWORK_SEARCH_PATHS = (
					"$(inherited)",
					"$(PROJECT_DIR)/Carthage/Build/iOS",
				);
				INFOPLIST_FILE = RestaurantReviews/Info.plist;
				LD_RUNPATH_SEARCH_PATHS = "$(inherited) @executable_path/Frameworks";
				PRODUCT_BUNDLE_IDENTIFIER = com.jeffripke.RestaurantReviews;
				PRODUCT_NAME = "$(TARGET_NAME)";
				SWIFT_VERSION = 3.0;
			};
			name = Debug;
		};
		89758CFE1F2F73F000A8557F /* Release */ = {
			isa = XCBuildConfiguration;
			buildSettings = {
				ASSETCATALOG_COMPILER_APPICON_NAME = AppIcon;
				DEVELOPMENT_TEAM = 997RL2KYD9;
				FRAMEWORK_SEARCH_PATHS = (
					"$(inherited)",
					"$(PROJECT_DIR)/Carthage/Build/iOS",
				);
				INFOPLIST_FILE = RestaurantReviews/Info.plist;
				LD_RUNPATH_SEARCH_PATHS = "$(inherited) @executable_path/Frameworks";
				PRODUCT_BUNDLE_IDENTIFIER = com.jeffripke.RestaurantReviews;
				PRODUCT_NAME = "$(TARGET_NAME)";
				SWIFT_VERSION = 3.0;
			};
			name = Release;
		};
/* End XCBuildConfiguration section */

/* Begin XCConfigurationList section */
		89758CE51F2F73F000A8557F /* Build configuration list for PBXProject "RestaurantReviews" */ = {
			isa = XCConfigurationList;
			buildConfigurations = (
				89758CFA1F2F73F000A8557F /* Debug */,
				89758CFB1F2F73F000A8557F /* Release */,
			);
			defaultConfigurationIsVisible = 0;
			defaultConfigurationName = Release;
		};
		89758CFC1F2F73F000A8557F /* Build configuration list for PBXNativeTarget "RestaurantReviews" */ = {
			isa = XCConfigurationList;
			buildConfigurations = (
				89758CFD1F2F73F000A8557F /* Debug */,
				89758CFE1F2F73F000A8557F /* Release */,
			);
			defaultConfigurationIsVisible = 0;
			defaultConfigurationName = Release;
		};
/* End XCConfigurationList section */
	};
	rootObject = 89758CE21F2F73F000A8557F /* Project object */;
}
